
Microsoft Visual Studio Solution File, Format Version 10.00
# Visual Studio 2008
Project("{FAE04EC0-301F-11D3-BF4B-00C04F79EFBC}") = "EnterpriseLibraryUnityBlockDemo", "EnterpriseLibraryUnityBlockDemo.csproj", "{173F5379-FE0B-4BAA-A7DA-8676E375F970}"
EndProject
Global
	GlobalSection(SolutionConfigurationPlatforms) = preSolution
		Debug|Any CPU = Debug|Any CPU
		Release|Any CPU = Release|Any CPU
	EndGlobalSection
	GlobalSection(ProjectConfigurationPlatforms) = postSolution
		{173F5379-FE0B-4BAA-A7DA-8676E375F970}.Debug|Any CPU.ActiveCfg = Debug|Any CPU
		{173F5379-FE0B-4BAA-A7DA-8676E375F970}.Debug|Any CPU.Build.0 = Debug|Any CPU
		{173F5379-FE0B-4BAA-A7DA-8676E375F970}.Release|Any CPU.ActiveCfg = Release|Any CPU
		{173F5379-FE0B-4BAA-A7DA-8676E375F970}.Release|Any CPU.Build.0 = Release|Any CPU
	EndGlobalSection
	GlobalSection(SolutionProperties) = preSolution
		HideSolutionNode = FALSE
	EndGlobalSection
EndGlobal
